
Microsoft Visual Studio Solution File, Format Version 12.00
# Visual Studio Version 16
VisualStudioVersion = 16.0.808.4
MinimumVisualStudioVersion = 10.0.40219.1
Project("{FAE04EC0-301F-11D3-BF4B-00C04F79EFBC}") = "classwork", "classwork\classwork.csproj", "{ACB40421-0ADD-493E-8AB0-28DA0B778FDB}"
EndProject
Global
	GlobalSection(SolutionConfigurationPlatforms) = preSolution
		Debug|Any CPU = Debug|Any CPU
		Release|Any CPU = Release|Any CPU
	EndGlobalSection
	GlobalSection(ProjectConfigurationPlatforms) = postSolution
		{ACB40421-0ADD-493E-8AB0-28DA0B778FDB}.Debug|Any CPU.ActiveCfg = Debug|Any CPU
		{ACB40421-0ADD-493E-8AB0-28DA0B778FDB}.Debug|Any CPU.Build.0 = Debug|Any CPU
		{ACB40421-0ADD-493E-8AB0-28DA0B778FDB}.Release|Any CPU.ActiveCfg = Release|Any CPU
		{ACB40421-0ADD-493E-8AB0-28DA0B778FDB}.Release|Any CPU.Build.0 = Release|Any CPU
	EndGlobalSection
	GlobalSection(SolutionProperties) = preSolution
		HideSolutionNode = FALSE
	EndGlobalSection
	GlobalSection(ExtensibilityGlobals) = postSolution
		SolutionGuid = {F0CF9C4F-365F-4792-ACF5-759A0D76A927}
	EndGlobalSection
EndGlobal
